// !$*UTF8*$!
{
	archiveVersion = 1;
	classes = {
	};
	objectVersion = 46;
	objects = {

/* Begin PBXBuildFile section */
		28D0330D1BE03AD500FB2A5D /* main.m in Sources */ = {isa = PBXBuildFile; fileRef = 28D0330C1BE03AD500FB2A5D /* main.m */; };
		28D033101BE03AD500FB2A5D /* AppDelegate.m in Sources */ = {isa = PBXBuildFile; fileRef = 28D0330F1BE03AD500FB2A5D /* AppDelegate.m */; };
		28D033131BE03AD500FB2A5D /* ViewController.m in Sources */ = {isa = PBXBuildFile; fileRef = 28D033121BE03AD500FB2A5D /* ViewController.m */; };
		28D033161BE03AD500FB2A5D /* Main.storyboard in Resources */ = {isa = PBXBuildFile; fileRef = 28D033141BE03AD500FB2A5D /* Main.storyboard */; };
		28D033181BE03AD500FB2A5D /* Assets.xcassets in Resources */ = {isa = PBXBuildFile; fileRef = 28D033171BE03AD500FB2A5D /* Assets.xcassets */; };
		28D0331B1BE03AD500FB2A5D /* LaunchScreen.storyboard in Resources */ = {isa = PBXBuildFile; fileRef = 28D033191BE03AD500FB2A5D /* LaunchScreen.storyboard */; };
/* End PBXBuildFile section */

/* Begin PBXFileReference section */
		28D033081BE03AD500FB2A5D /* Squarestock.app */ = {isa = PBXFileReference; explicitFileType = wrapper.application; includeInIndex = 0; path = Squarestock.app; sourceTree = BUILT_PRODUCTS_DIR; };
		28D0330C1BE03AD500FB2A5D /* main.m */ = {isa = PBXFileReference; lastKnownFileType = sourcecode.c.objc; path = main.m; sourceTree = "<group>"; };
		28D0330E1BE03AD500FB2A5D /* AppDelegate.h */ = {isa = PBXFileReference; lastKnownFileType = sourcecode.c.h; path = AppDelegate.h; sourceTree = "<group>"; };
		28D0330F1BE03AD500FB2A5D /* AppDelegate.m */ = {isa = PBXFileReference; lastKnownFileType = sourcecode.c.objc; path = AppDelegate.m; sourceTree = "<group>"; };
		28D033111BE03AD500FB2A5D /* ViewController.h */ = {isa = PBXFileReference; lastKnownFileType = sourcecode.c.h; path = ViewController.h; sourceTree = "<group>"; };
		28D033121BE03AD500FB2A5D /* ViewController.m */ = {isa = PBXFileReference; lastKnownFileType = sourcecode.c.objc; path = ViewController.m; sourceTree = "<group>"; };
		28D033151BE03AD500FB2A5D /* Base */ = {isa = PBXFileReference; lastKnownFileType = file.storyboard; name = Base; path = Base.lproj/Main.storyboard; sourceTree = "<group>"; };
		28D033171BE03AD500FB2A5D /* Assets.xcassets */ = {isa = PBXFileReference; lastKnownFileType = folder.assetcatalog; path = Assets.xcassets; sourceTree = "<group>"; };
		28D0331A1BE03AD500FB2A5D /* Base */ = {isa = PBXFileReference; lastKnownFileType = file.storyboard; name = Base; path = Base.lproj/LaunchScreen.storyboard; sourceTree = "<group>"; };
		28D0331C1BE03AD500FB2A5D /* Info.plist */ = {isa = PBXFileReference; lastKnownFileType = text.plist.xml; path = Info.plist; sourceTree = "<group>"; };
/* End PBXFileReference section */

/* Begin PBXFrameworksBuildPhase section */
		28D033051BE03AD500FB2A5D /* Frameworks */ = {
			isa = PBXFrameworksBuildPhase;
			buildActionMask = 2147483647;
			files = (
			);
			runOnlyForDeploymentPostprocessing = 0;
		};
/* End PBXFrameworksBuildPhase section */

/* Begin PBXGroup section */
		28D032FF1BE03AD500FB2A5D = {
			isa = PBXGroup;
			children = (
				28D0330A1BE03AD500FB2A5D /* Squarestock */,
				28D033091BE03AD500FB2A5D /* Products */,
			);
			sourceTree = "<group>";
		};
		28D033091BE03AD500FB2A5D /* Products */ = {
			isa = PBXGroup;
			children = (
				28D033081BE03AD500FB2A5D /* Squarestock.app */,
			);
			name = Products;
			sourceTree = "<group>";
		};
		28D0330A1BE03AD500FB2A5D /* Squarestock */ = {
			isa = PBXGroup;
			children = (
				28D0330E1BE03AD500FB2A5D /* AppDelegate.h */,
				28D0330F1BE03AD500FB2A5D /* AppDelegate.m */,
				28D033111BE03AD500FB2A5D /* ViewController.h */,
				28D033121BE03AD500FB2A5D /* ViewController.m */,
				28D033141BE03AD500FB2A5D /* Main.storyboard */,
				28D033171BE03AD500FB2A5D /* Assets.xcassets */,
				28D033191BE03AD500FB2A5D /* LaunchScreen.storyboard */,
				28D0331C1BE03AD500FB2A5D /* Info.plist */,
				28D0330B1BE03AD500FB2A5D /* Supporting Files */,
			);
			path = Squarestock;
			sourceTree = "<group>";
		};
		28D0330B1BE03AD500FB2A5D /* Supporting Files */ = {
			isa = PBXGroup;
			children = (
				28D0330C1BE03AD500FB2A5D /* main.m */,
			);
			name = "Supporting Files";
			sourceTree = "<group>";
		};
/* End PBXGroup section */

/* Begin PBXNativeTarget section */
		28D033071BE03AD500FB2A5D /* Squarestock */ = {
			isa = PBXNativeTarget;
			buildConfigurationList = 28D0331F1BE03AD500FB2A5D /* Build configuration list for PBXNativeTarget "Squarestock" */;
			buildPhases = (
				28D033041BE03AD500FB2A5D /* Sources */,
				28D033051BE03AD500FB2A5D /* Frameworks */,
				28D033061BE03AD500FB2A5D /* Resources */,
			);
			buildRules = (
			);
			dependencies = (
			);
			name = Squarestock;
			productName = Squarestock;
			productReference = 28D033081BE03AD500FB2A5D /* Squarestock.app */;
			productType = "com.apple.product-type.application";
		};
/* End PBXNativeTarget section */

/* Begin PBXProject section */
		28D033001BE03AD500FB2A5D /* Project object */ = {
			isa = PBXProject;
			attributes = {
				LastUpgradeCheck = 0710;
				ORGANIZATIONNAME = "Aleksander Skjoelsvik";
				TargetAttributes = {
					28D033071BE03AD500FB2A5D = {
						CreatedOnToolsVersion = 7.1;
					};
				};
			};
			buildConfigurationList = 28D033031BE03AD500FB2A5D /* Build configuration list for PBXProject "Squarestock" */;
			compatibilityVersion = "Xcode 3.2";
			developmentRegion = English;
			hasScannedForEncodings = 0;
			knownRegions = (
				en,
				Base,
			);
			mainGroup = 28D032FF1BE03AD500FB2A5D;
			productRefGroup = 28D033091BE03AD500FB2A5D /* Products */;
			projectDirPath = "";
			projectRoot = "";
			targets = (
				28D033071BE03AD500FB2A5D /* Squarestock */,
			);
		};
/* End PBXProject section */

/* Begin PBXResourcesBuildPhase section */
		28D033061BE03AD500FB2A5D /* Resources */ = {
			isa = PBXResourcesBuildPhase;
			buildActionMask = 2147483647;
			files = (
				28D0331B1BE03AD500FB2A5D /* LaunchScreen.storyboard in Resources */,
				28D033181BE03AD500FB2A5D /* Assets.xcassets in Resources */,
				28D033161BE03AD500FB2A5D /* Main.storyboard in Resources */,
			);
			runOnlyForDeploymentPostprocessing = 0;
		};
/* End PBXResourcesBuildPhase section */

/* Begin PBXSourcesBuildPhase section */
		28D033041BE03AD500FB2A5D /* Sources */ = {
			isa = PBXSourcesBuildPhase;
			buildActionMask = 2147483647;
			files = (
				28D033131BE03AD500FB2A5D /* ViewController.m in Sources */,
				28D033101BE03AD500FB2A5D /* AppDelegate.m in Sources */,
				28D0330D1BE03AD500FB2A5D /* main.m in Sources */,
			);
			runOnlyForDeploymentPostprocessing = 0;
		};
/* End PBXSourcesBuildPhase section */

/* Begin PBXVariantGroup section */
		28D033141BE03AD500FB2A5D /* Main.storyboard */ = {
			isa = PBXVariantGroup;
			children = (
				28D033151BE03AD500FB2A5D /* Base */,
			);
			name = Main.storyboard;
			sourceTree = "<group>";
		};
		28D033191BE03AD500FB2A5D /* LaunchScreen.storyboard */ = {
			isa = PBXVariantGroup;
			children = (
				28D0331A1BE03AD500FB2A5D /* Base */,
			);
			name = LaunchScreen.storyboard;
			sourceTree = "<group>";
		};
/* End PBXVariantGroup section */

/* Begin XCBuildConfiguration section */
		28D0331D1BE03AD500FB2A5D /* Debug */ = {
			isa = XCBuildConfiguration;
			buildSettings = {
				ALWAYS_SEARCH_USER_PATHS = NO;
				CLANG_CXX_LANGUAGE_STANDARD = "gnu++0x";
				CLANG_CXX_LIBRARY = "libc++";
				CLANG_ENABLE_MODULES = YES;
				CLANG_ENABLE_OBJC_ARC = YES;
				CLANG_WARN_BOOL_CONVERSION = YES;
				CLANG_WARN_CONSTANT_CONVERSION = YES;
				CLANG_WARN_DIRECT_OBJC_ISA_USAGE = YES_ERROR;
				CLANG_WARN_EMPTY_BODY = YES;
				CLANG_WARN_ENUM_CONVERSION = YES;
				CLANG_WARN_INT_CONVERSION = YES;
				CLANG_WARN_OBJC_ROOT_CLASS = YES_ERROR;
				CLANG_WARN_UNREACHABLE_CODE = YES;
				CLANG_WARN__DUPLICATE_METHOD_MATCH = YES;
				"CODE_SIGN_IDENTITY[sdk=iphoneos*]" = "iPhone Developer";
				COPY_PHASE_STRIP = NO;
				DEBUG_INFORMATION_FORMAT = dwarf;
				ENABLE_STRICT_OBJC_MSGSEND = YES;
				ENABLE_TESTABILITY = YES;
				GCC_C_LANGUAGE_STANDARD = gnu99;
				GCC_DYNAMIC_NO_PIC = NO;
				GCC_NO_COMMON_BLOCKS = YES;
				GCC_OPTIMIZATION_LEVEL = 0;
				GCC_PREPROCESSOR_DEFINITIONS = (
					"DEBUG=1",
					"$(inherited)",
				);
				GCC_WARN_64_TO_32_BIT_CONVERSION = YES;
				GCC_WARN_ABOUT_RETURN_TYPE = YES_ERROR;
				GCC_WARN_UNDECLARED_SELECTOR = YES;
				GCC_WARN_UNINITIALIZED_AUTOS = YES_AGGRESSIVE;
				GCC_WARN_UNUSED_FUNCTION = YES;
				GCC_WARN_UNUSED_VARIABLE = YES;
				IPHONEOS_DEPLOYMENT_TARGET = 9.1;
				MTL_ENABLE_DEBUG_INFO = YES;
				ONLY_ACTIVE_ARCH = YES;
				SDKROOT = iphoneos;
			};
			name = Debug;
		};
		28D0331E1BE03AD500FB2A5D /* Release */ = {
			isa = XCBuildConfiguration;
			buildSettings = {
				ALWAYS_SEARCH_USER_PATHS = NO;
				CLANG_CXX_LANGUAGE_STANDARD = "gnu++0x";
				CLANG_CXX_LIBRARY = "libc++";
				CLANG_ENABLE_MODULES = YES;
				CLANG_ENABLE_OBJC_ARC = YES;
				CLANG_WARN_BOOL_CONVERSION = YES;
				CLANG_WARN_CONSTANT_CONVERSION = YES;
				CLANG_WARN_DIRECT_OBJC_ISA_USAGE = YES_ERROR;
				CLANG_WARN_EMPTY_BODY = YES;
				CLANG_WARN_ENUM_CONVERSION = YES;
				CLANG_WARN_INT_CONVERSION = YES;
				CLANG_WARN_OBJC_ROOT_CLASS = YES_ERROR;
				CLANG_WARN_UNREACHABLE_CODE = YES;
				CLANG_WARN__DUPLICATE_METHOD_MATCH = YES;
				"CODE_SIGN_IDENTITY[sdk=iphoneos*]" = "iPhone Developer";
				COPY_PHASE_STRIP = NO;
				DEBUG_INFORMATION_FORMAT = "dwarf-with-dsym";
				ENABLE_NS_ASSERTIONS = NO;
				ENABLE_STRICT_OBJC_MSGSEND = YES;
				GCC_C_LANGUAGE_STANDARD = gnu99;
				GCC_NO_COMMON_BLOCKS = YES;
				GCC_WARN_64_TO_32_BIT_CONVERSION = YES;
				GCC_WARN_ABOUT_RETURN_TYPE = YES_ERROR;
				GCC_WARN_UNDECLARED_SELECTOR = YES;
				GCC_WARN_UNINITIALIZED_AUTOS = YES_AGGRESSIVE;
				GCC_WARN_UNUSED_FUNCTION = YES;
				GCC_WARN_UNUSED_VARIABLE = YES;
				IPHONEOS_DEPLOYMENT_TARGET = 9.1;
				MTL_ENABLE_DEBUG_INFO = NO;
				SDKROOT = iphoneos;
				VALIDATE_PRODUCT = YES;
			};
			name = Release;
		};
		28D033201BE03AD500FB2A5D /* Debug */ = {
			isa = XCBuildConfiguration;
			buildSettings = {
				ASSETCATALOG_COMPILER_APPICON_NAME = AppIcon;
				INFOPLIST_FILE = Squarestock/Info.plist;
				LD_RUNPATH_SEARCH_PATHS = "$(inherited) @executable_path/Frameworks";
				PRODUCT_BUNDLE_IDENTIFIER = me.aleksanders.Squarestock;
				PRODUCT_NAME = "$(TARGET_NAME)";
			};
			name = Debug;
		};
		28D033211BE03AD500FB2A5D /* Release */ = {
			isa = XCBuildConfiguration;
			buildSettings = {
				ASSETCATALOG_COMPILER_APPICON_NAME = AppIcon;
				INFOPLIST_FILE = Squarestock/Info.plist;
				LD_RUNPATH_SEARCH_PATHS = "$(inherited) @executable_path/Frameworks";
				PRODUCT_BUNDLE_IDENTIFIER = me.aleksanders.Squarestock;
				PRODUCT_NAME = "$(TARGET_NAME)";
			};
			name = Release;
		};
/* End XCBuildConfiguration section */

/* Begin XCConfigurationList section */
		28D033031BE03AD500FB2A5D /* Build configuration list for PBXProject "Squarestock" */ = {
			isa = XCConfigurationList;
			buildConfigurations = (
				28D0331D1BE03AD500FB2A5D /* Debug */,
				28D0331E1BE03AD500FB2A5D /* Release */,
			);
			defaultConfigurationIsVisible = 0;
			defaultConfigurationName = Release;
		};
		28D0331F1BE03AD500FB2A5D /* Build configuration list for PBXNativeTarget "Squarestock" */ = {
			isa = XCConfigurationList;
			buildConfigurations = (
				28D033201BE03AD500FB2A5D /* Debug */,
				28D033211BE03AD500FB2A5D /* Release */,
			);
			defaultConfigurationIsVisible = 0;
		};
/* End XCConfigurationList section */
	};
	rootObject = 28D033001BE03AD500FB2A5D /* Project object */;
}
